// !$*UTF8*$!
{
	archiveVersion = 1;
	classes = {
	};
	objectVersion = 50;
	objects = {

/* Begin PBXBuildFile section */
		50C02E6921B96CE6003669D3 /* LaunchScreen.storyboard in Resources */ = {isa = PBXBuildFile; fileRef = 50C02E5C21B96CE6003669D3 /* LaunchScreen.storyboard */; };
		50C02E6A21B96CE6003669D3 /* Main.storyboard in Resources */ = {isa = PBXBuildFile; fileRef = 50C02E5E21B96CE6003669D3 /* Main.storyboard */; };
		50C02E6B21B96CE6003669D3 /* Assets.xcassets in Resources */ = {isa = PBXBuildFile; fileRef = 50C02E6221B96CE6003669D3 /* Assets.xcassets */; };
		50C02E6C21B96CE6003669D3 /* ViewController.swift in Sources */ = {isa = PBXBuildFile; fileRef = 50C02E6421B96CE6003669D3 /* ViewController.swift */; };
		50C02E6D21B96CE6003669D3 /* AppDelegate.swift in Sources */ = {isa = PBXBuildFile; fileRef = 50C02E6621B96CE6003669D3 /* AppDelegate.swift */; };
		50C02E7221B96D8B003669D3 /* JSSegmentControl.framework in Frameworks */ = {isa = PBXBuildFile; fileRef = 50C02E7021B96D35003669D3 /* JSSegmentControl.framework */; };
		50C02E7321B96D8B003669D3 /* JSSegmentControl.framework in Embed Frameworks */ = {isa = PBXBuildFile; fileRef = 50C02E7021B96D35003669D3 /* JSSegmentControl.framework */; settings = {ATTRIBUTES = (CodeSignOnCopy, RemoveHeadersOnCopy, ); }; };
/* End PBXBuildFile section */

/* Begin PBXCopyFilesBuildPhase section */
		50C02E7421B96D8B003669D3 /* Embed Frameworks */ = {
			isa = PBXCopyFilesBuildPhase;
			buildActionMask = 2147483647;
			dstPath = "";
			dstSubfolderSpec = 10;
			files = (
				50C02E7321B96D8B003669D3 /* JSSegmentControl.framework in Embed Frameworks */,
			);
			name = "Embed Frameworks";
			runOnlyForDeploymentPostprocessing = 0;
		};
/* End PBXCopyFilesBuildPhase section */

/* Begin PBXFileReference section */
		50C02E3F21B96C76003669D3 /* JSSegmentControl-Demo.app */ = {isa = PBXFileReference; explicitFileType = wrapper.application; includeInIndex = 0; path = "JSSegmentControl-Demo.app"; sourceTree = BUILT_PRODUCTS_DIR; };
		50C02E5D21B96CE6003669D3 /* Base */ = {isa = PBXFileReference; lastKnownFileType = file.storyboard; name = Base; path = Base.lproj/LaunchScreen.storyboard; sourceTree = "<group>"; };
		50C02E5F21B96CE6003669D3 /* Base */ = {isa = PBXFileReference; lastKnownFileType = file.storyboard; name = Base; path = Base.lproj/Main.storyboard; sourceTree = "<group>"; };
		50C02E6221B96CE6003669D3 /* Assets.xcassets */ = {isa = PBXFileReference; lastKnownFileType = folder.assetcatalog; path = Assets.xcassets; sourceTree = "<group>"; };
		50C02E6421B96CE6003669D3 /* ViewController.swift */ = {isa = PBXFileReference; fileEncoding = 4; lastKnownFileType = sourcecode.swift; path = ViewController.swift; sourceTree = "<group>"; };
		50C02E6621B96CE6003669D3 /* AppDelegate.swift */ = {isa = PBXFileReference; fileEncoding = 4; lastKnownFileType = sourcecode.swift; path = AppDelegate.swift; sourceTree = "<group>"; };
		50C02E6821B96CE6003669D3 /* Info.plist */ = {isa = PBXFileReference; fileEncoding = 4; lastKnownFileType = text.plist.xml; path = Info.plist; sourceTree = "<group>"; };
		50C02E7021B96D35003669D3 /* JSSegmentControl.framework */ = {isa = PBXFileReference; explicitFileType = wrapper.framework; path = JSSegmentControl.framework; sourceTree = BUILT_PRODUCTS_DIR; };
/* End PBXFileReference section */

/* Begin PBXFrameworksBuildPhase section */
		50C02E3C21B96C76003669D3 /* Frameworks */ = {
			isa = PBXFrameworksBuildPhase;
			buildActionMask = 2147483647;
			files = (
				50C02E7221B96D8B003669D3 /* JSSegmentControl.framework in Frameworks */,
			);
			runOnlyForDeploymentPostprocessing = 0;
		};
/* End PBXFrameworksBuildPhase section */

/* Begin PBXGroup section */
		50C02E3621B96C76003669D3 = {
			isa = PBXGroup;
			children = (
				50C02E5A21B96CE6003669D3 /* Demo */,
				50C02E4021B96C76003669D3 /* Products */,
				50C02E6F21B96D35003669D3 /* Frameworks */,
			);
			sourceTree = "<group>";
		};
		50C02E4021B96C76003669D3 /* Products */ = {
			isa = PBXGroup;
			children = (
				50C02E3F21B96C76003669D3 /* JSSegmentControl-Demo.app */,
			);
			name = Products;
			sourceTree = "<group>";
		};
		50C02E5A21B96CE6003669D3 /* Demo */ = {
			isa = PBXGroup;
			children = (
				50C02E6521B96CE6003669D3 /* AppDelegate */,
				50C02E6321B96CE6003669D3 /* ViewControllers */,
				50C02E5B21B96CE6003669D3 /* Storyboards */,
				50C02E6021B96CE6003669D3 /* Resources */,
				50C02E6721B96CE6003669D3 /* SupportingFiles */,
			);
			path = Demo;
			sourceTree = "<group>";
		};
		50C02E5B21B96CE6003669D3 /* Storyboards */ = {
			isa = PBXGroup;
			children = (
				50C02E5C21B96CE6003669D3 /* LaunchScreen.storyboard */,
				50C02E5E21B96CE6003669D3 /* Main.storyboard */,
			);
			path = Storyboards;
			sourceTree = "<group>";
		};
		50C02E6021B96CE6003669D3 /* Resources */ = {
			isa = PBXGroup;
			children = (
				50C02E6121B96CE6003669D3 /* Assets */,
			);
			path = Resources;
			sourceTree = "<group>";
		};
		50C02E6121B96CE6003669D3 /* Assets */ = {
			isa = PBXGroup;
			children = (
				50C02E6221B96CE6003669D3 /* Assets.xcassets */,
			);
			path = Assets;
			sourceTree = "<group>";
		};
		50C02E6321B96CE6003669D3 /* ViewControllers */ = {
			isa = PBXGroup;
			children = (
				50C02E6421B96CE6003669D3 /* ViewController.swift */,
			);
			path = ViewControllers;
			sourceTree = "<group>";
		};
		50C02E6521B96CE6003669D3 /* AppDelegate */ = {
			isa = PBXGroup;
			children = (
				50C02E6621B96CE6003669D3 /* AppDelegate.swift */,
			);
			path = AppDelegate;
			sourceTree = "<group>";
		};
		50C02E6721B96CE6003669D3 /* SupportingFiles */ = {
			isa = PBXGroup;
			children = (
				50C02E6821B96CE6003669D3 /* Info.plist */,
			);
			path = SupportingFiles;
			sourceTree = "<group>";
		};
		50C02E6F21B96D35003669D3 /* Frameworks */ = {
			isa = PBXGroup;
			children = (
				50C02E7021B96D35003669D3 /* JSSegmentControl.framework */,
			);
			name = Frameworks;
			sourceTree = "<group>";
		};
/* End PBXGroup section */

/* Begin PBXNativeTarget section */
		50C02E3E21B96C76003669D3 /* JSSegmentControl-Demo */ = {
			isa = PBXNativeTarget;
			buildConfigurationList = 50C02E5121B96C78003669D3 /* Build configuration list for PBXNativeTarget "JSSegmentControl-Demo" */;
			buildPhases = (
				50C02E3B21B96C76003669D3 /* Sources */,
				50C02E3C21B96C76003669D3 /* Frameworks */,
				50C02E3D21B96C76003669D3 /* Resources */,
				50C02E7421B96D8B003669D3 /* Embed Frameworks */,
			);
			buildRules = (
			);
			dependencies = (
			);
			name = "JSSegmentControl-Demo";
			productName = "JSSegmentControl-Demo";
			productReference = 50C02E3F21B96C76003669D3 /* JSSegmentControl-Demo.app */;
			productType = "com.apple.product-type.application";
		};
/* End PBXNativeTarget section */

/* Begin PBXProject section */
		50C02E3721B96C76003669D3 /* Project object */ = {
			isa = PBXProject;
			attributes = {
				LastSwiftUpdateCheck = 1010;
				LastUpgradeCheck = 1010;
				ORGANIZATIONNAME = Max;
				TargetAttributes = {
					50C02E3E21B96C76003669D3 = {
						CreatedOnToolsVersion = 10.1;
					};
				};
			};
			buildConfigurationList = 50C02E3A21B96C76003669D3 /* Build configuration list for PBXProject "JSSegmentControl-Demo" */;
			compatibilityVersion = "Xcode 9.3";
			developmentRegion = en;
			hasScannedForEncodings = 0;
			knownRegions = (
				en,
				Base,
			);
			mainGroup = 50C02E3621B96C76003669D3;
			productRefGroup = 50C02E4021B96C76003669D3 /* Products */;
			projectDirPath = "";
			projectRoot = "";
			targets = (
				50C02E3E21B96C76003669D3 /* JSSegmentControl-Demo */,
			);
		};
/* End PBXProject section */

/* Begin PBXResourcesBuildPhase section */
		50C02E3D21B96C76003669D3 /* Resources */ = {
			isa = PBXResourcesBuildPhase;
			buildActionMask = 2147483647;
			files = (
				50C02E6921B96CE6003669D3 /* LaunchScreen.storyboard in Resources */,
				50C02E6B21B96CE6003669D3 /* Assets.xcassets in Resources */,
				50C02E6A21B96CE6003669D3 /* Main.storyboard in Resources */,
			);
			runOnlyForDeploymentPostprocessing = 0;
		};
/* End PBXResourcesBuildPhase section */

/* Begin PBXSourcesBuildPhase section */
		50C02E3B21B96C76003669D3 /* Sources */ = {
			isa = PBXSourcesBuildPhase;
			buildActionMask = 2147483647;
			files = (
				50C02E6D21B96CE6003669D3 /* AppDelegate.swift in Sources */,
				50C02E6C21B96CE6003669D3 /* ViewController.swift in Sources */,
			);
			runOnlyForDeploymentPostprocessing = 0;
		};
/* End PBXSourcesBuildPhase section */

/* Begin PBXVariantGroup section */
		50C02E5C21B96CE6003669D3 /* LaunchScreen.storyboard */ = {
			isa = PBXVariantGroup;
			children = (
				50C02E5D21B96CE6003669D3 /* Base */,
			);
			name = LaunchScreen.storyboard;
			sourceTree = "<group>";
		};
		50C02E5E21B96CE6003669D3 /* Main.storyboard */ = {
			isa = PBXVariantGroup;
			children = (
				50C02E5F21B96CE6003669D3 /* Base */,
			);
			name = Main.storyboard;
			sourceTree = "<group>";
		};
/* End PBXVariantGroup section */

/* Begin XCBuildConfiguration section */
		50C02E4F21B96C78003669D3 /* Debug */ = {
			isa = XCBuildConfiguration;
			buildSettings = {
				ALWAYS_SEARCH_USER_PATHS = NO;
				CLANG_ANALYZER_NONNULL = YES;
				CLANG_ANALYZER_NUMBER_OBJECT_CONVERSION = YES_AGGRESSIVE;
				CLANG_CXX_LANGUAGE_STANDARD = "gnu++14";
				CLANG_CXX_LIBRARY = "libc++";
				CLANG_ENABLE_MODULES = YES;
				CLANG_ENABLE_OBJC_ARC = YES;
				CLANG_ENABLE_OBJC_WEAK = YES;
				CLANG_WARN_BLOCK_CAPTURE_AUTORELEASING = YES;
				CLANG_WARN_BOOL_CONVERSION = YES;
				CLANG_WARN_COMMA = YES;
				CLANG_WARN_CONSTANT_CONVERSION = YES;
				CLANG_WARN_DEPRECATED_OBJC_IMPLEMENTATIONS = YES;
				CLANG_WARN_DIRECT_OBJC_ISA_USAGE = YES_ERROR;
				CLANG_WARN_DOCUMENTATION_COMMENTS = YES;
				CLANG_WARN_EMPTY_BODY = YES;
				CLANG_WARN_ENUM_CONVERSION = YES;
				CLANG_WARN_INFINITE_RECURSION = YES;
				CLANG_WARN_INT_CONVERSION = YES;
				CLANG_WARN_NON_LITERAL_NULL_CONVERSION = YES;
				CLANG_WARN_OBJC_IMPLICIT_RETAIN_SELF = YES;
				CLANG_WARN_OBJC_LITERAL_CONVERSION = YES;
				CLANG_WARN_OBJC_ROOT_CLASS = YES_ERROR;
				CLANG_WARN_RANGE_LOOP_ANALYSIS = YES;
				CLANG_WARN_STRICT_PROTOTYPES = YES;
				CLANG_WARN_SUSPICIOUS_MOVE = YES;
				CLANG_WARN_UNGUARDED_AVAILABILITY = YES_AGGRESSIVE;
				CLANG_WARN_UNREACHABLE_CODE = YES;
				CLANG_WARN__DUPLICATE_METHOD_MATCH = YES;
				CODE_SIGN_IDENTITY = "iPhone Developer";
				COPY_PHASE_STRIP = NO;
				DEBUG_INFORMATION_FORMAT = dwarf;
				ENABLE_STRICT_OBJC_MSGSEND = YES;
				ENABLE_TESTABILITY = YES;
				GCC_C_LANGUAGE_STANDARD = gnu11;
				GCC_DYNAMIC_NO_PIC = NO;
				GCC_NO_COMMON_BLOCKS = YES;
				GCC_OPTIMIZATION_LEVEL = 0;
				GCC_PREPROCESSOR_DEFINITIONS = (
					"DEBUG=1",
					"$(inherited)",
				);
				GCC_WARN_64_TO_32_BIT_CONVERSION = YES;
				GCC_WARN_ABOUT_RETURN_TYPE = YES_ERROR;
				GCC_WARN_UNDECLARED_SELECTOR = YES;
				GCC_WARN_UNINITIALIZED_AUTOS = YES_AGGRESSIVE;
				GCC_WARN_UNUSED_FUNCTION = YES;
				GCC_WARN_UNUSED_VARIABLE = YES;
				IPHONEOS_DEPLOYMENT_TARGET = 9.0;
				MTL_ENABLE_DEBUG_INFO = INCLUDE_SOURCE;
				MTL_FAST_MATH = YES;
				ONLY_ACTIVE_ARCH = YES;
				SDKROOT = iphoneos;
				SWIFT_ACTIVE_COMPILATION_CONDITIONS = DEBUG;
				SWIFT_OPTIMIZATION_LEVEL = "-Onone";
			};
			name = Debug;
		};
		50C02E5021B96C78003669D3 /* Release */ = {
			isa = XCBuildConfiguration;
			buildSettings = {
				ALWAYS_SEARCH_USER_PATHS = NO;
				CLANG_ANALYZER_NONNULL = YES;
				CLANG_ANALYZER_NUMBER_OBJECT_CONVERSION = YES_AGGRESSIVE;
				CLANG_CXX_LANGUAGE_STANDARD = "gnu++14";
				CLANG_CXX_LIBRARY = "libc++";
				CLANG_ENABLE_MODULES = YES;
				CLANG_ENABLE_OBJC_ARC = YES;
				CLANG_ENABLE_OBJC_WEAK = YES;
				CLANG_WARN_BLOCK_CAPTURE_AUTORELEASING = YES;
				CLANG_WARN_BOOL_CONVERSION = YES;
				CLANG_WARN_COMMA = YES;
				CLANG_WARN_CONSTANT_CONVERSION = YES;
				CLANG_WARN_DEPRECATED_OBJC_IMPLEMENTATIONS = YES;
				CLANG_WARN_DIRECT_OBJC_ISA_USAGE = YES_ERROR;
				CLANG_WARN_DOCUMENTATION_COMMENTS = YES;
				CLANG_WARN_EMPTY_BODY = YES;
				CLANG_WARN_ENUM_CONVERSION = YES;
				CLANG_WARN_INFINITE_RECURSION = YES;
				CLANG_WARN_INT_CONVERSION = YES;
				CLANG_WARN_NON_LITERAL_NULL_CONVERSION = YES;
				CLANG_WARN_OBJC_IMPLICIT_RETAIN_SELF = YES;
				CLANG_WARN_OBJC_LITERAL_CONVERSION = YES;
				CLANG_WARN_OBJC_ROOT_CLASS = YES_ERROR;
				CLANG_WARN_RANGE_LOOP_ANALYSIS = YES;
				CLANG_WARN_STRICT_PROTOTYPES = YES;
				CLANG_WARN_SUSPICIOUS_MOVE = YES;
				CLANG_WARN_UNGUARDED_AVAILABILITY = YES_AGGRESSIVE;
				CLANG_WARN_UNREACHABLE_CODE = YES;
				CLANG_WARN__DUPLICATE_METHOD_MATCH = YES;
				CODE_SIGN_IDENTITY = "iPhone Developer";
				COPY_PHASE_STRIP = NO;
				DEBUG_INFORMATION_FORMAT = "dwarf-with-dsym";
				ENABLE_NS_ASSERTIONS = NO;
				ENABLE_STRICT_OBJC_MSGSEND = YES;
				GCC_C_LANGUAGE_STANDARD = gnu11;
				GCC_NO_COMMON_BLOCKS = YES;
				GCC_WARN_64_TO_32_BIT_CONVERSION = YES;
				GCC_WARN_ABOUT_RETURN_TYPE = YES_ERROR;
				GCC_WARN_UNDECLARED_SELECTOR = YES;
				GCC_WARN_UNINITIALIZED_AUTOS = YES_AGGRESSIVE;
				GCC_WARN_UNUSED_FUNCTION = YES;
				GCC_WARN_UNUSED_VARIABLE = YES;
				IPHONEOS_DEPLOYMENT_TARGET = 9.0;
				MTL_ENABLE_DEBUG_INFO = NO;
				MTL_FAST_MATH = YES;
				SDKROOT = iphoneos;
				SWIFT_COMPILATION_MODE = wholemodule;
				SWIFT_OPTIMIZATION_LEVEL = "-O";
				VALIDATE_PRODUCT = YES;
			};
			name = Release;
		};
		50C02E5221B96C78003669D3 /* Debug */ = {
			isa = XCBuildConfiguration;
			buildSettings = {
				ASSETCATALOG_COMPILER_APPICON_NAME = AppIcon;
				CODE_SIGN_STYLE = Automatic;
				DEVELOPMENT_TEAM = UUJQRQRH7L;
				INFOPLIST_FILE = Demo/SupportingFiles/Info.plist;
				LD_RUNPATH_SEARCH_PATHS = (
					"$(inherited)",
					"@executable_path/Frameworks",
				);
				PRODUCT_BUNDLE_IDENTIFIER = "com.sibo.jian.JSSegmentControl-Demo";
				PRODUCT_NAME = "$(TARGET_NAME)";
				SWIFT_VERSION = 4.0;
				TARGETED_DEVICE_FAMILY = "1,2";
			};
			name = Debug;
		};
		50C02E5321B96C78003669D3 /* Release */ = {
			isa = XCBuildConfiguration;
			buildSettings = {
				ASSETCATALOG_COMPILER_APPICON_NAME = AppIcon;
				CODE_SIGN_STYLE = Automatic;
				DEVELOPMENT_TEAM = UUJQRQRH7L;
				INFOPLIST_FILE = Demo/SupportingFiles/Info.plist;
				LD_RUNPATH_SEARCH_PATHS = (
					"$(inherited)",
					"@executable_path/Frameworks",
				);
				PRODUCT_BUNDLE_IDENTIFIER = "com.sibo.jian.JSSegmentControl-Demo";
				PRODUCT_NAME = "$(TARGET_NAME)";
				SWIFT_VERSION = 4.0;
				TARGETED_DEVICE_FAMILY = "1,2";
			};
			name = Release;
		};
/* End XCBuildConfiguration section */

/* Begin XCConfigurationList section */
		50C02E3A21B96C76003669D3 /* Build configuration list for PBXProject "JSSegmentControl-Demo" */ = {
			isa = XCConfigurationList;
			buildConfigurations = (
				50C02E4F21B96C78003669D3 /* Debug */,
				50C02E5021B96C78003669D3 /* Release */,
			);
			defaultConfigurationIsVisible = 0;
			defaultConfigurationName = Release;
		};
		50C02E5121B96C78003669D3 /* Build configuration list for PBXNativeTarget "JSSegmentControl-Demo" */ = {
			isa = XCConfigurationList;
			buildConfigurations = (
				50C02E5221B96C78003669D3 /* Debug */,
				50C02E5321B96C78003669D3 /* Release */,
			);
			defaultConfigurationIsVisible = 0;
			defaultConfigurationName = Release;
		};
/* End XCConfigurationList section */
	};
	rootObject = 50C02E3721B96C76003669D3 /* Project object */;
}
